
Microsoft Visual Studio Solution File, Format Version 12.00
# Visual Studio Version 17
VisualStudioVersion = 17.4.33213.308
MinimumVisualStudioVersion = 10.0.40219.1
Project("{FAE04EC0-301F-11D3-BF4B-00C04F79EFBC}") = "ExercismCSharpLib", "ExercismCSharpLib\ExercismCSharpLib.csproj", "{3FC2549A-BE20-426D-B836-33C6654F1D17}"
EndProject
Global
	GlobalSection(SolutionConfigurationPlatforms) = preSolution
		Debug|Any CPU = Debug|Any CPU
		Release|Any CPU = Release|Any CPU
	EndGlobalSection
	GlobalSection(ProjectConfigurationPlatforms) = postSolution
		{3FC2549A-BE20-426D-B836-33C6654F1D17}.Debug|Any CPU.ActiveCfg = Debug|Any CPU
		{3FC2549A-BE20-426D-B836-33C6654F1D17}.Debug|Any CPU.Build.0 = Debug|Any CPU
		{3FC2549A-BE20-426D-B836-33C6654F1D17}.Release|Any CPU.ActiveCfg = Release|Any CPU
		{3FC2549A-BE20-426D-B836-33C6654F1D17}.Release|Any CPU.Build.0 = Release|Any CPU
	EndGlobalSection
	GlobalSection(SolutionProperties) = preSolution
		HideSolutionNode = FALSE
	EndGlobalSection
	GlobalSection(ExtensibilityGlobals) = postSolution
		SolutionGuid = {10D87D2B-2D01-4CBC-8BD0-3DD1B1A82995}
	EndGlobalSection
EndGlobal
